// !$*UTF8*$!
{
	archiveVersion = 1;
	classes = {
	};
	objectVersion = 56;
	objects = {

/* Begin PBXBuildFile section */
		481A8EF52D281B14000A749A /* librummage.dylib in Frameworks */ = {isa = PBXBuildFile; fileRef = 481A8EF42D281B14000A749A /* librummage.dylib */; };
		481A8EF62D281B14000A749A /* librummage.dylib in Embed Libraries */ = {isa = PBXBuildFile; fileRef = 481A8EF42D281B14000A749A /* librummage.dylib */; settings = {ATTRIBUTES = (CodeSignOnCopy, ); }; };
		481A8EFB2D281D13000A749A /* Test.m in Sources */ = {isa = PBXBuildFile; fileRef = 481A8EFA2D281D13000A749A /* Test.m */; };
		48ADECE22D2816FE00582E15 /* AppDelegate.swift in Sources */ = {isa = PBXBuildFile; fileRef = 48ADECE12D2816FE00582E15 /* AppDelegate.swift */; };
		48ADECE42D2816FE00582E15 /* SceneDelegate.swift in Sources */ = {isa = PBXBuildFile; fileRef = 48ADECE32D2816FE00582E15 /* SceneDelegate.swift */; };
		48ADECE62D2816FE00582E15 /* ViewController.swift in Sources */ = {isa = PBXBuildFile; fileRef = 48ADECE52D2816FE00582E15 /* ViewController.swift */; };
		48ADECE92D2816FE00582E15 /* Base in Resources */ = {isa = PBXBuildFile; fileRef = 48ADECE82D2816FE00582E15 /* Base */; };
		48ADECEB2D2816FF00582E15 /* Assets.xcassets in Resources */ = {isa = PBXBuildFile; fileRef = 48ADECEA2D2816FF00582E15 /* Assets.xcassets */; };
		48ADECEE2D2816FF00582E15 /* Base in Resources */ = {isa = PBXBuildFile; fileRef = 48ADECED2D2816FF00582E15 /* Base */; };
		48ADECF92D28170000582E15 /* rummageTests.swift in Sources */ = {isa = PBXBuildFile; fileRef = 48ADECF82D28170000582E15 /* rummageTests.swift */; };
		48ADED032D28170000582E15 /* rummageUITests.swift in Sources */ = {isa = PBXBuildFile; fileRef = 48ADED022D28170000582E15 /* rummageUITests.swift */; };
		48ADED052D28170000582E15 /* rummageUITestsLaunchTests.swift in Sources */ = {isa = PBXBuildFile; fileRef = 48ADED042D28170000582E15 /* rummageUITestsLaunchTests.swift */; };
/* End PBXBuildFile section */

/* Begin PBXContainerItemProxy section */
		48ADECF52D28170000582E15 /* PBXContainerItemProxy */ = {
			isa = PBXContainerItemProxy;
			containerPortal = 48ADECD62D2816FE00582E15 /* Project object */;
			proxyType = 1;
			remoteGlobalIDString = 48ADECDD2D2816FE00582E15;
			remoteInfo = rummage;
		};
		48ADECFF2D28170000582E15 /* PBXContainerItemProxy */ = {
			isa = PBXContainerItemProxy;
			containerPortal = 48ADECD62D2816FE00582E15 /* Project object */;
			proxyType = 1;
			remoteGlobalIDString = 48ADECDD2D2816FE00582E15;
			remoteInfo = rummage;
		};
/* End PBXContainerItemProxy section */

/* Begin PBXCopyFilesBuildPhase section */
		481A8EF72D281B14000A749A /* Embed Libraries */ = {
			isa = PBXCopyFilesBuildPhase;
			buildActionMask = 2147483647;
			dstPath = "";
			dstSubfolderSpec = 10;
			files = (
				481A8EF62D281B14000A749A /* librummage.dylib in Embed Libraries */,
			);
			name = "Embed Libraries";
			runOnlyForDeploymentPostprocessing = 0;
		};
/* End PBXCopyFilesBuildPhase section */

/* Begin PBXFileReference section */
		481A8EF42D281B14000A749A /* librummage.dylib */ = {isa = PBXFileReference; lastKnownFileType = "compiled.mach-o.dylib"; name = librummage.dylib; path = "rummage-lib/target/aarch64-apple-ios/debug/librummage.dylib"; sourceTree = "<group>"; };
		481A8EF82D281B27000A749A /* librummage.d */ = {isa = PBXFileReference; lastKnownFileType = sourcecode.dtrace; name = librummage.d; path = "rummage-lib/target/aarch64-apple-ios/debug/librummage.d"; sourceTree = "<group>"; };
		481A8EF92D281D13000A749A /* rummage-Bridging-Header.h */ = {isa = PBXFileReference; lastKnownFileType = sourcecode.c.h; path = "rummage-Bridging-Header.h"; sourceTree = "<group>"; };
		481A8EFA2D281D13000A749A /* Test.m */ = {isa = PBXFileReference; lastKnownFileType = sourcecode.c.objc; path = Test.m; sourceTree = "<group>"; };
		48ADECDE2D2816FE00582E15 /* rummage.app */ = {isa = PBXFileReference; explicitFileType = wrapper.application; includeInIndex = 0; path = rummage.app; sourceTree = BUILT_PRODUCTS_DIR; };
		48ADECE12D2816FE00582E15 /* AppDelegate.swift */ = {isa = PBXFileReference; lastKnownFileType = sourcecode.swift; path = AppDelegate.swift; sourceTree = "<group>"; };
		48ADECE32D2816FE00582E15 /* SceneDelegate.swift */ = {isa = PBXFileReference; lastKnownFileType = sourcecode.swift; path = SceneDelegate.swift; sourceTree = "<group>"; };
		48ADECE52D2816FE00582E15 /* ViewController.swift */ = {isa = PBXFileReference; lastKnownFileType = sourcecode.swift; path = ViewController.swift; sourceTree = "<group>"; };
		48ADECE82D2816FE00582E15 /* Base */ = {isa = PBXFileReference; lastKnownFileType = file.storyboard; name = Base; path = Base.lproj/Main.storyboard; sourceTree = "<group>"; };
		48ADECEA2D2816FF00582E15 /* Assets.xcassets */ = {isa = PBXFileReference; lastKnownFileType = folder.assetcatalog; path = Assets.xcassets; sourceTree = "<group>"; };
		48ADECED2D2816FF00582E15 /* Base */ = {isa = PBXFileReference; lastKnownFileType = file.storyboard; name = Base; path = Base.lproj/LaunchScreen.storyboard; sourceTree = "<group>"; };
		48ADECEF2D2816FF00582E15 /* Info.plist */ = {isa = PBXFileReference; lastKnownFileType = text.plist.xml; path = Info.plist; sourceTree = "<group>"; };
		48ADECF42D28170000582E15 /* rummageTests.xctest */ = {isa = PBXFileReference; explicitFileType = wrapper.cfbundle; includeInIndex = 0; path = rummageTests.xctest; sourceTree = BUILT_PRODUCTS_DIR; };
		48ADECF82D28170000582E15 /* rummageTests.swift */ = {isa = PBXFileReference; lastKnownFileType = sourcecode.swift; path = rummageTests.swift; sourceTree = "<group>"; };
		48ADECFE2D28170000582E15 /* rummageUITests.xctest */ = {isa = PBXFileReference; explicitFileType = wrapper.cfbundle; includeInIndex = 0; path = rummageUITests.xctest; sourceTree = BUILT_PRODUCTS_DIR; };
		48ADED022D28170000582E15 /* rummageUITests.swift */ = {isa = PBXFileReference; lastKnownFileType = sourcecode.swift; path = rummageUITests.swift; sourceTree = "<group>"; };
		48ADED042D28170000582E15 /* rummageUITestsLaunchTests.swift */ = {isa = PBXFileReference; lastKnownFileType = sourcecode.swift; path = rummageUITestsLaunchTests.swift; sourceTree = "<group>"; };
		48ADED122D28183100582E15 /* librummage.d */ = {isa = PBXFileReference; lastKnownFileType = sourcecode.dtrace; name = librummage.d; path = "../rummage-lib/target/aarch64-apple-ios/debug/librummage.d"; sourceTree = "<group>"; };
/* End PBXFileReference section */

/* Begin PBXFrameworksBuildPhase section */
		48ADECDB2D2816FE00582E15 /* Frameworks */ = {
			isa = PBXFrameworksBuildPhase;
			buildActionMask = 2147483647;
			files = (
				481A8EF52D281B14000A749A /* librummage.dylib in Frameworks */,
			);
			runOnlyForDeploymentPostprocessing = 0;
		};
		48ADECF12D28170000582E15 /* Frameworks */ = {
			isa = PBXFrameworksBuildPhase;
			buildActionMask = 2147483647;
			files = (
			);
			runOnlyForDeploymentPostprocessing = 0;
		};
		48ADECFB2D28170000582E15 /* Frameworks */ = {
			isa = PBXFrameworksBuildPhase;
			buildActionMask = 2147483647;
			files = (
			);
			runOnlyForDeploymentPostprocessing = 0;
		};
/* End PBXFrameworksBuildPhase section */

/* Begin PBXGroup section */
		48ADECD52D2816FE00582E15 = {
			isa = PBXGroup;
			children = (
				48ADECE02D2816FE00582E15 /* rummage */,
				48ADECF72D28170000582E15 /* rummageTests */,
				48ADED012D28170000582E15 /* rummageUITests */,
				48ADECDF2D2816FE00582E15 /* Products */,
				48ADED112D28183100582E15 /* Frameworks */,
			);
			sourceTree = "<group>";
		};
		48ADECDF2D2816FE00582E15 /* Products */ = {
			isa = PBXGroup;
			children = (
				48ADECDE2D2816FE00582E15 /* rummage.app */,
				48ADECF42D28170000582E15 /* rummageTests.xctest */,
				48ADECFE2D28170000582E15 /* rummageUITests.xctest */,
			);
			name = Products;
			sourceTree = "<group>";
		};
		48ADECE02D2816FE00582E15 /* rummage */ = {
			isa = PBXGroup;
			children = (
				48ADECE12D2816FE00582E15 /* AppDelegate.swift */,
				48ADECE32D2816FE00582E15 /* SceneDelegate.swift */,
				48ADECE52D2816FE00582E15 /* ViewController.swift */,
				48ADECE72D2816FE00582E15 /* Main.storyboard */,
				48ADECEA2D2816FF00582E15 /* Assets.xcassets */,
				48ADECEC2D2816FF00582E15 /* LaunchScreen.storyboard */,
				48ADECEF2D2816FF00582E15 /* Info.plist */,
				481A8EFA2D281D13000A749A /* Test.m */,
				481A8EF92D281D13000A749A /* rummage-Bridging-Header.h */,
			);
			path = rummage;
			sourceTree = "<group>";
		};
		48ADECF72D28170000582E15 /* rummageTests */ = {
			isa = PBXGroup;
			children = (
				48ADECF82D28170000582E15 /* rummageTests.swift */,
			);
			path = rummageTests;
			sourceTree = "<group>";
		};
		48ADED012D28170000582E15 /* rummageUITests */ = {
			isa = PBXGroup;
			children = (
				48ADED022D28170000582E15 /* rummageUITests.swift */,
				48ADED042D28170000582E15 /* rummageUITestsLaunchTests.swift */,
			);
			path = rummageUITests;
			sourceTree = "<group>";
		};
		48ADED112D28183100582E15 /* Frameworks */ = {
			isa = PBXGroup;
			children = (
				481A8EF82D281B27000A749A /* librummage.d */,
				481A8EF42D281B14000A749A /* librummage.dylib */,
				48ADED122D28183100582E15 /* librummage.d */,
			);
			name = Frameworks;
			sourceTree = "<group>";
		};
/* End PBXGroup section */

/* Begin PBXNativeTarget section */
		48ADECDD2D2816FE00582E15 /* rummage */ = {
			isa = PBXNativeTarget;
			buildConfigurationList = 48ADED082D28170000582E15 /* Build configuration list for PBXNativeTarget "rummage" */;
			buildPhases = (
				48ADECDA2D2816FE00582E15 /* Sources */,
				48ADECDB2D2816FE00582E15 /* Frameworks */,
				48ADECDC2D2816FE00582E15 /* Resources */,
				481A8EF72D281B14000A749A /* Embed Libraries */,
			);
			buildRules = (
			);
			dependencies = (
			);
			name = rummage;
			productName = rummage;
			productReference = 48ADECDE2D2816FE00582E15 /* rummage.app */;
			productType = "com.apple.product-type.application";
		};
		48ADECF32D28170000582E15 /* rummageTests */ = {
			isa = PBXNativeTarget;
			buildConfigurationList = 48ADED0B2D28170000582E15 /* Build configuration list for PBXNativeTarget "rummageTests" */;
			buildPhases = (
				48ADECF02D28170000582E15 /* Sources */,
				48ADECF12D28170000582E15 /* Frameworks */,
				48ADECF22D28170000582E15 /* Resources */,
			);
			buildRules = (
			);
			dependencies = (
				48ADECF62D28170000582E15 /* PBXTargetDependency */,
			);
			name = rummageTests;
			productName = rummageTests;
			productReference = 48ADECF42D28170000582E15 /* rummageTests.xctest */;
			productType = "com.apple.product-type.bundle.unit-test";
		};
		48ADECFD2D28170000582E15 /* rummageUITests */ = {
			isa = PBXNativeTarget;
			buildConfigurationList = 48ADED0E2D28170000582E15 /* Build configuration list for PBXNativeTarget "rummageUITests" */;
			buildPhases = (
				48ADECFA2D28170000582E15 /* Sources */,
				48ADECFB2D28170000582E15 /* Frameworks */,
				48ADECFC2D28170000582E15 /* Resources */,
			);
			buildRules = (
			);
			dependencies = (
				48ADED002D28170000582E15 /* PBXTargetDependency */,
			);
			name = rummageUITests;
			productName = rummageUITests;
			productReference = 48ADECFE2D28170000582E15 /* rummageUITests.xctest */;
			productType = "com.apple.product-type.bundle.ui-testing";
		};
/* End PBXNativeTarget section */

/* Begin PBXProject section */
		48ADECD62D2816FE00582E15 /* Project object */ = {
			isa = PBXProject;
			attributes = {
				BuildIndependentTargetsInParallel = 1;
				LastSwiftUpdateCheck = 1540;
				LastUpgradeCheck = 1540;
				TargetAttributes = {
					48ADECDD2D2816FE00582E15 = {
						CreatedOnToolsVersion = 15.4;
						LastSwiftMigration = 1540;
					};
					48ADECF32D28170000582E15 = {
						CreatedOnToolsVersion = 15.4;
						TestTargetID = 48ADECDD2D2816FE00582E15;
					};
					48ADECFD2D28170000582E15 = {
						CreatedOnToolsVersion = 15.4;
						TestTargetID = 48ADECDD2D2816FE00582E15;
					};
				};
			};
			buildConfigurationList = 48ADECD92D2816FE00582E15 /* Build configuration list for PBXProject "rummage" */;
			compatibilityVersion = "Xcode 14.0";
			developmentRegion = en;
			hasScannedForEncodings = 0;
			knownRegions = (
				en,
				Base,
			);
			mainGroup = 48ADECD52D2816FE00582E15;
			productRefGroup = 48ADECDF2D2816FE00582E15 /* Products */;
			projectDirPath = "";
			projectRoot = "";
			targets = (
				48ADECDD2D2816FE00582E15 /* rummage */,
				48ADECF32D28170000582E15 /* rummageTests */,
				48ADECFD2D28170000582E15 /* rummageUITests */,
			);
		};
/* End PBXProject section */

/* Begin PBXResourcesBuildPhase section */
		48ADECDC2D2816FE00582E15 /* Resources */ = {
			isa = PBXResourcesBuildPhase;
			buildActionMask = 2147483647;
			files = (
				48ADECEB2D2816FF00582E15 /* Assets.xcassets in Resources */,
				48ADECEE2D2816FF00582E15 /* Base in Resources */,
				48ADECE92D2816FE00582E15 /* Base in Resources */,
			);
			runOnlyForDeploymentPostprocessing = 0;
		};
		48ADECF22D28170000582E15 /* Resources */ = {
			isa = PBXResourcesBuildPhase;
			buildActionMask = 2147483647;
			files = (
			);
			runOnlyForDeploymentPostprocessing = 0;
		};
		48ADECFC2D28170000582E15 /* Resources */ = {
			isa = PBXResourcesBuildPhase;
			buildActionMask = 2147483647;
			files = (
			);
			runOnlyForDeploymentPostprocessing = 0;
		};
/* End PBXResourcesBuildPhase section */

/* Begin PBXSourcesBuildPhase section */
		48ADECDA2D2816FE00582E15 /* Sources */ = {
			isa = PBXSourcesBuildPhase;
			buildActionMask = 2147483647;
			files = (
				48ADECE62D2816FE00582E15 /* ViewController.swift in Sources */,
				481A8EFB2D281D13000A749A /* Test.m in Sources */,
				48ADECE22D2816FE00582E15 /* AppDelegate.swift in Sources */,
				48ADECE42D2816FE00582E15 /* SceneDelegate.swift in Sources */,
			);
			runOnlyForDeploymentPostprocessing = 0;
		};
		48ADECF02D28170000582E15 /* Sources */ = {
			isa = PBXSourcesBuildPhase;
			buildActionMask = 2147483647;
			files = (
				48ADECF92D28170000582E15 /* rummageTests.swift in Sources */,
			);
			runOnlyForDeploymentPostprocessing = 0;
		};
		48ADECFA2D28170000582E15 /* Sources */ = {
			isa = PBXSourcesBuildPhase;
			buildActionMask = 2147483647;
			files = (
				48ADED032D28170000582E15 /* rummageUITests.swift in Sources */,
				48ADED052D28170000582E15 /* rummageUITestsLaunchTests.swift in Sources */,
			);
			runOnlyForDeploymentPostprocessing = 0;
		};
/* End PBXSourcesBuildPhase section */

/* Begin PBXTargetDependency section */
		48ADECF62D28170000582E15 /* PBXTargetDependency */ = {
			isa = PBXTargetDependency;
			target = 48ADECDD2D2816FE00582E15 /* rummage */;
			targetProxy = 48ADECF52D28170000582E15 /* PBXContainerItemProxy */;
		};
		48ADED002D28170000582E15 /* PBXTargetDependency */ = {
			isa = PBXTargetDependency;
			target = 48ADECDD2D2816FE00582E15 /* rummage */;
			targetProxy = 48ADECFF2D28170000582E15 /* PBXContainerItemProxy */;
		};
/* End PBXTargetDependency section */

/* Begin PBXVariantGroup section */
		48ADECE72D2816FE00582E15 /* Main.storyboard */ = {
			isa = PBXVariantGroup;
			children = (
				48ADECE82D2816FE00582E15 /* Base */,
			);
			name = Main.storyboard;
			sourceTree = "<group>";
		};
		48ADECEC2D2816FF00582E15 /* LaunchScreen.storyboard */ = {
			isa = PBXVariantGroup;
			children = (
				48ADECED2D2816FF00582E15 /* Base */,
			);
			name = LaunchScreen.storyboard;
			sourceTree = "<group>";
		};
/* End PBXVariantGroup section */

/* Begin XCBuildConfiguration section */
		48ADED062D28170000582E15 /* Debug */ = {
			isa = XCBuildConfiguration;
			buildSettings = {
				ALWAYS_SEARCH_USER_PATHS = NO;
				ASSETCATALOG_COMPILER_GENERATE_SWIFT_ASSET_SYMBOL_EXTENSIONS = YES;
				CLANG_ANALYZER_NONNULL = YES;
				CLANG_ANALYZER_NUMBER_OBJECT_CONVERSION = YES_AGGRESSIVE;
				CLANG_CXX_LANGUAGE_STANDARD = "gnu++20";
				CLANG_ENABLE_MODULES = YES;
				CLANG_ENABLE_OBJC_ARC = YES;
				CLANG_ENABLE_OBJC_WEAK = YES;
				CLANG_WARN_BLOCK_CAPTURE_AUTORELEASING = YES;
				CLANG_WARN_BOOL_CONVERSION = YES;
				CLANG_WARN_COMMA = YES;
				CLANG_WARN_CONSTANT_CONVERSION = YES;
				CLANG_WARN_DEPRECATED_OBJC_IMPLEMENTATIONS = YES;
				CLANG_WARN_DIRECT_OBJC_ISA_USAGE = YES_ERROR;
				CLANG_WARN_DOCUMENTATION_COMMENTS = YES;
				CLANG_WARN_EMPTY_BODY = YES;
				CLANG_WARN_ENUM_CONVERSION = YES;
				CLANG_WARN_INFINITE_RECURSION = YES;
				CLANG_WARN_INT_CONVERSION = YES;
				CLANG_WARN_NON_LITERAL_NULL_CONVERSION = YES;
				CLANG_WARN_OBJC_IMPLICIT_RETAIN_SELF = YES;
				CLANG_WARN_OBJC_LITERAL_CONVERSION = YES;
				CLANG_WARN_OBJC_ROOT_CLASS = YES_ERROR;
				CLANG_WARN_QUOTED_INCLUDE_IN_FRAMEWORK_HEADER = YES;
				CLANG_WARN_RANGE_LOOP_ANALYSIS = YES;
				CLANG_WARN_STRICT_PROTOTYPES = YES;
				CLANG_WARN_SUSPICIOUS_MOVE = YES;
				CLANG_WARN_UNGUARDED_AVAILABILITY = YES_AGGRESSIVE;
				CLANG_WARN_UNREACHABLE_CODE = YES;
				CLANG_WARN__DUPLICATE_METHOD_MATCH = YES;
				COPY_PHASE_STRIP = NO;
				DEBUG_INFORMATION_FORMAT = dwarf;
				ENABLE_STRICT_OBJC_MSGSEND = YES;
				ENABLE_TESTABILITY = YES;
				ENABLE_USER_SCRIPT_SANDBOXING = YES;
				GCC_C_LANGUAGE_STANDARD = gnu17;
				GCC_DYNAMIC_NO_PIC = NO;
				GCC_NO_COMMON_BLOCKS = YES;
				GCC_OPTIMIZATION_LEVEL = 0;
				GCC_PREPROCESSOR_DEFINITIONS = (
					"DEBUG=1",
					"$(inherited)",
				);
				GCC_WARN_64_TO_32_BIT_CONVERSION = YES;
				GCC_WARN_ABOUT_RETURN_TYPE = YES_ERROR;
				GCC_WARN_UNDECLARED_SELECTOR = YES;
				GCC_WARN_UNINITIALIZED_AUTOS = YES_AGGRESSIVE;
				GCC_WARN_UNUSED_FUNCTION = YES;
				GCC_WARN_UNUSED_VARIABLE = YES;
				IPHONEOS_DEPLOYMENT_TARGET = 17.5;
				LOCALIZATION_PREFERS_STRING_CATALOGS = YES;
				MTL_ENABLE_DEBUG_INFO = INCLUDE_SOURCE;
				MTL_FAST_MATH = YES;
				ONLY_ACTIVE_ARCH = YES;
				SDKROOT = iphoneos;
				SWIFT_ACTIVE_COMPILATION_CONDITIONS = "DEBUG $(inherited)";
				SWIFT_OPTIMIZATION_LEVEL = "-Onone";
			};
			name = Debug;
		};
		48ADED072D28170000582E15 /* Release */ = {
			isa = XCBuildConfiguration;
			buildSettings = {
				ALWAYS_SEARCH_USER_PATHS = NO;
				ASSETCATALOG_COMPILER_GENERATE_SWIFT_ASSET_SYMBOL_EXTENSIONS = YES;
				CLANG_ANALYZER_NONNULL = YES;
				CLANG_ANALYZER_NUMBER_OBJECT_CONVERSION = YES_AGGRESSIVE;
				CLANG_CXX_LANGUAGE_STANDARD = "gnu++20";
				CLANG_ENABLE_MODULES = YES;
				CLANG_ENABLE_OBJC_ARC = YES;
				CLANG_ENABLE_OBJC_WEAK = YES;
				CLANG_WARN_BLOCK_CAPTURE_AUTORELEASING = YES;
				CLANG_WARN_BOOL_CONVERSION = YES;
				CLANG_WARN_COMMA = YES;
				CLANG_WARN_CONSTANT_CONVERSION = YES;
				CLANG_WARN_DEPRECATED_OBJC_IMPLEMENTATIONS = YES;
				CLANG_WARN_DIRECT_OBJC_ISA_USAGE = YES_ERROR;
				CLANG_WARN_DOCUMENTATION_COMMENTS = YES;
				CLANG_WARN_EMPTY_BODY = YES;
				CLANG_WARN_ENUM_CONVERSION = YES;
				CLANG_WARN_INFINITE_RECURSION = YES;
				CLANG_WARN_INT_CONVERSION = YES;
				CLANG_WARN_NON_LITERAL_NULL_CONVERSION = YES;
				CLANG_WARN_OBJC_IMPLICIT_RETAIN_SELF = YES;
				CLANG_WARN_OBJC_LITERAL_CONVERSION = YES;
				CLANG_WARN_OBJC_ROOT_CLASS = YES_ERROR;
				CLANG_WARN_QUOTED_INCLUDE_IN_FRAMEWORK_HEADER = YES;
				CLANG_WARN_RANGE_LOOP_ANALYSIS = YES;
				CLANG_WARN_STRICT_PROTOTYPES = YES;
				CLANG_WARN_SUSPICIOUS_MOVE = YES;
				CLANG_WARN_UNGUARDED_AVAILABILITY = YES_AGGRESSIVE;
				CLANG_WARN_UNREACHABLE_CODE = YES;
				CLANG_WARN__DUPLICATE_METHOD_MATCH = YES;
				COPY_PHASE_STRIP = NO;
				DEBUG_INFORMATION_FORMAT = "dwarf-with-dsym";
				ENABLE_NS_ASSERTIONS = NO;
				ENABLE_STRICT_OBJC_MSGSEND = YES;
				ENABLE_USER_SCRIPT_SANDBOXING = YES;
				GCC_C_LANGUAGE_STANDARD = gnu17;
				GCC_NO_COMMON_BLOCKS = YES;
				GCC_WARN_64_TO_32_BIT_CONVERSION = YES;
				GCC_WARN_ABOUT_RETURN_TYPE = YES_ERROR;
				GCC_WARN_UNDECLARED_SELECTOR = YES;
				GCC_WARN_UNINITIALIZED_AUTOS = YES_AGGRESSIVE;
				GCC_WARN_UNUSED_FUNCTION = YES;
				GCC_WARN_UNUSED_VARIABLE = YES;
				IPHONEOS_DEPLOYMENT_TARGET = 17.5;
				LOCALIZATION_PREFERS_STRING_CATALOGS = YES;
				MTL_ENABLE_DEBUG_INFO = NO;
				MTL_FAST_MATH = YES;
				SDKROOT = iphoneos;
				SWIFT_COMPILATION_MODE = wholemodule;
				VALIDATE_PRODUCT = YES;
			};
			name = Release;
		};
		48ADED092D28170000582E15 /* Debug */ = {
			isa = XCBuildConfiguration;
			buildSettings = {
				ASSETCATALOG_COMPILER_APPICON_NAME = AppIcon;
				ASSETCATALOG_COMPILER_GLOBAL_ACCENT_COLOR_NAME = AccentColor;
				CLANG_ENABLE_MODULES = YES;
				CODE_SIGN_STYLE = Automatic;
				CURRENT_PROJECT_VERSION = 1;
				DEFINES_MODULE = YES;
				GENERATE_INFOPLIST_FILE = YES;
				INFOPLIST_FILE = rummage/Info.plist;
				INFOPLIST_KEY_UIApplicationSupportsIndirectInputEvents = YES;
				INFOPLIST_KEY_UILaunchStoryboardName = LaunchScreen;
				INFOPLIST_KEY_UIMainStoryboardFile = Main;
				INFOPLIST_KEY_UISupportedInterfaceOrientations_iPad = "UIInterfaceOrientationPortrait UIInterfaceOrientationPortraitUpsideDown UIInterfaceOrientationLandscapeLeft UIInterfaceOrientationLandscapeRight";
				INFOPLIST_KEY_UISupportedInterfaceOrientations_iPhone = "UIInterfaceOrientationPortrait UIInterfaceOrientationLandscapeLeft UIInterfaceOrientationLandscapeRight";
				LD_RUNPATH_SEARCH_PATHS = (
					"$(inherited)",
					"@executable_path/Frameworks",
				);
				LIBRARY_SEARCH_PATHS = "$(PROJECT_DIR)/rummage-lib/target/aarch64-apple-ios/debug";
				"LIBRARY_SEARCH_PATHS[sdk=iphoneos*]" = "$(PROJECT_DIR)/rummage-lib/target/aarch64-apple-ios/debug";
				"LIBRARY_SEARCH_PATHS[sdk=iphonesimulator*]" = "$(PROJECT_DIR)/rummage-lib/target/aarch64-apple-ios-sim/debug";
				MARKETING_VERSION = 1.0;
				PRODUCT_BUNDLE_IDENTIFIER = vincent.rummage;
				PRODUCT_NAME = "$(TARGET_NAME)";
				SWIFT_EMIT_LOC_STRINGS = YES;
				SWIFT_OBJC_BRIDGING_HEADER = "rummage/rummage-Bridging-Header.h";
				SWIFT_OPTIMIZATION_LEVEL = "-Onone";
				SWIFT_VERSION = 5.0;
				TARGETED_DEVICE_FAMILY = "1,2";
			};
			name = Debug;
		};
		48ADED0A2D28170000582E15 /* Release */ = {
			isa = XCBuildConfiguration;
			buildSettings = {
				ASSETCATALOG_COMPILER_APPICON_NAME = AppIcon;
				ASSETCATALOG_COMPILER_GLOBAL_ACCENT_COLOR_NAME = AccentColor;
				CLANG_ENABLE_MODULES = YES;
				CODE_SIGN_STYLE = Automatic;
				CURRENT_PROJECT_VERSION = 1;
				DEFINES_MODULE = YES;
				GENERATE_INFOPLIST_FILE = YES;
				INFOPLIST_FILE = rummage/Info.plist;
				INFOPLIST_KEY_UIApplicationSupportsIndirectInputEvents = YES;
				INFOPLIST_KEY_UILaunchStoryboardName = LaunchScreen;
				INFOPLIST_KEY_UIMainStoryboardFile = Main;
				INFOPLIST_KEY_UISupportedInterfaceOrientations_iPad = "UIInterfaceOrientationPortrait UIInterfaceOrientationPortraitUpsideDown UIInterfaceOrientationLandscapeLeft UIInterfaceOrientationLandscapeRight";
				INFOPLIST_KEY_UISupportedInterfaceOrientations_iPhone = "UIInterfaceOrientationPortrait UIInterfaceOrientationLandscapeLeft UIInterfaceOrientationLandscapeRight";
				LD_RUNPATH_SEARCH_PATHS = (
					"$(inherited)",
					"@executable_path/Frameworks",
				);
				LIBRARY_SEARCH_PATHS = (
					"$(inherited)",
					"$(PROJECT_DIR)/rummage-lib/target/aarch64-apple-ios/debug",
				);
				MARKETING_VERSION = 1.0;
				PRODUCT_BUNDLE_IDENTIFIER = vincent.rummage;
				PRODUCT_NAME = "$(TARGET_NAME)";
				SWIFT_EMIT_LOC_STRINGS = YES;
				SWIFT_OBJC_BRIDGING_HEADER = "rummage/rummage-Bridging-Header.h";
				SWIFT_VERSION = 5.0;
				TARGETED_DEVICE_FAMILY = "1,2";
			};
			name = Release;
		};
		48ADED0C2D28170000582E15 /* Debug */ = {
			isa = XCBuildConfiguration;
			buildSettings = {
				ALWAYS_EMBED_SWIFT_STANDARD_LIBRARIES = YES;
				BUNDLE_LOADER = "$(TEST_HOST)";
				CODE_SIGN_STYLE = Automatic;
				CURRENT_PROJECT_VERSION = 1;
				GENERATE_INFOPLIST_FILE = YES;
				IPHONEOS_DEPLOYMENT_TARGET = 17.5;
				MARKETING_VERSION = 1.0;
				PRODUCT_BUNDLE_IDENTIFIER = vincent.rummageTests;
				PRODUCT_NAME = "$(TARGET_NAME)";
				SWIFT_EMIT_LOC_STRINGS = NO;
				SWIFT_VERSION = 5.0;
				TARGETED_DEVICE_FAMILY = "1,2";
				TEST_HOST = "$(BUILT_PRODUCTS_DIR)/rummage.app/$(BUNDLE_EXECUTABLE_FOLDER_PATH)/rummage";
			};
			name = Debug;
		};
		48ADED0D2D28170000582E15 /* Release */ = {
			isa = XCBuildConfiguration;
			buildSettings = {
				ALWAYS_EMBED_SWIFT_STANDARD_LIBRARIES = YES;
				BUNDLE_LOADER = "$(TEST_HOST)";
				CODE_SIGN_STYLE = Automatic;
				CURRENT_PROJECT_VERSION = 1;
				GENERATE_INFOPLIST_FILE = YES;
				IPHONEOS_DEPLOYMENT_TARGET = 17.5;
				MARKETING_VERSION = 1.0;
				PRODUCT_BUNDLE_IDENTIFIER = vincent.rummageTests;
				PRODUCT_NAME = "$(TARGET_NAME)";
				SWIFT_EMIT_LOC_STRINGS = NO;
				SWIFT_VERSION = 5.0;
				TARGETED_DEVICE_FAMILY = "1,2";
				TEST_HOST = "$(BUILT_PRODUCTS_DIR)/rummage.app/$(BUNDLE_EXECUTABLE_FOLDER_PATH)/rummage";
			};
			name = Release;
		};
		48ADED0F2D28170000582E15 /* Debug */ = {
			isa = XCBuildConfiguration;
			buildSettings = {
				ALWAYS_EMBED_SWIFT_STANDARD_LIBRARIES = YES;
				CODE_SIGN_STYLE = Automatic;
				CURRENT_PROJECT_VERSION = 1;
				GENERATE_INFOPLIST_FILE = YES;
				MARKETING_VERSION = 1.0;
				PRODUCT_BUNDLE_IDENTIFIER = vincent.rummageUITests;
				PRODUCT_NAME = "$(TARGET_NAME)";
				SWIFT_EMIT_LOC_STRINGS = NO;
				SWIFT_VERSION = 5.0;
				TARGETED_DEVICE_FAMILY = "1,2";
				TEST_TARGET_NAME = rummage;
			};
			name = Debug;
		};
		48ADED102D28170000582E15 /* Release */ = {
			isa = XCBuildConfiguration;
			buildSettings = {
				ALWAYS_EMBED_SWIFT_STANDARD_LIBRARIES = YES;
				CODE_SIGN_STYLE = Automatic;
				CURRENT_PROJECT_VERSION = 1;
				GENERATE_INFOPLIST_FILE = YES;
				MARKETING_VERSION = 1.0;
				PRODUCT_BUNDLE_IDENTIFIER = vincent.rummageUITests;
				PRODUCT_NAME = "$(TARGET_NAME)";
				SWIFT_EMIT_LOC_STRINGS = NO;
				SWIFT_VERSION = 5.0;
				TARGETED_DEVICE_FAMILY = "1,2";
				TEST_TARGET_NAME = rummage;
			};
			name = Release;
		};
/* End XCBuildConfiguration section */

/* Begin XCConfigurationList section */
		48ADECD92D2816FE00582E15 /* Build configuration list for PBXProject "rummage" */ = {
			isa = XCConfigurationList;
			buildConfigurations = (
				48ADED062D28170000582E15 /* Debug */,
				48ADED072D28170000582E15 /* Release */,
			);
			defaultConfigurationIsVisible = 0;
			defaultConfigurationName = Release;
		};
		48ADED082D28170000582E15 /* Build configuration list for PBXNativeTarget "rummage" */ = {
			isa = XCConfigurationList;
			buildConfigurations = (
				48ADED092D28170000582E15 /* Debug */,
				48ADED0A2D28170000582E15 /* Release */,
			);
			defaultConfigurationIsVisible = 0;
			defaultConfigurationName = Release;
		};
		48ADED0B2D28170000582E15 /* Build configuration list for PBXNativeTarget "rummageTests" */ = {
			isa = XCConfigurationList;
			buildConfigurations = (
				48ADED0C2D28170000582E15 /* Debug */,
				48ADED0D2D28170000582E15 /* Release */,
			);
			defaultConfigurationIsVisible = 0;
			defaultConfigurationName = Release;
		};
		48ADED0E2D28170000582E15 /* Build configuration list for PBXNativeTarget "rummageUITests" */ = {
			isa = XCConfigurationList;
			buildConfigurations = (
				48ADED0F2D28170000582E15 /* Debug */,
				48ADED102D28170000582E15 /* Release */,
			);
			defaultConfigurationIsVisible = 0;
			defaultConfigurationName = Release;
		};
/* End XCConfigurationList section */
	};
	rootObject = 48ADECD62D2816FE00582E15 /* Project object */;
}
